// !$*UTF8*$!
{
	archiveVersion = 1;
	classes = {
	};
	objectVersion = 56;
	objects = {

/* Begin PBXBuildFile section */
		AF0281672A123B7E000C7BFA /* AppDelegate.swift in Sources */ = {isa = PBXBuildFile; fileRef = AF0281662A123B7E000C7BFA /* AppDelegate.swift */; };
		AF0281692A123B7E000C7BFA /* SceneDelegate.swift in Sources */ = {isa = PBXBuildFile; fileRef = AF0281682A123B7E000C7BFA /* SceneDelegate.swift */; };
		AF02816B2A123B7E000C7BFA /* TrendingRepoViewController.swift in Sources */ = {isa = PBXBuildFile; fileRef = AF02816A2A123B7E000C7BFA /* TrendingRepoViewController.swift */; };
		AF0281702A123B80000C7BFA /* Assets.xcassets in Resources */ = {isa = PBXBuildFile; fileRef = AF02816F2A123B80000C7BFA /* Assets.xcassets */; };
		AF0281732A123B80000C7BFA /* LaunchScreen.storyboard in Resources */ = {isa = PBXBuildFile; fileRef = AF0281712A123B80000C7BFA /* LaunchScreen.storyboard */; };
		AF0281992A1240DC000C7BFA /* Coordinator.swift in Sources */ = {isa = PBXBuildFile; fileRef = AF0281982A1240DC000C7BFA /* Coordinator.swift */; };
		AF02819B2A124410000C7BFA /* TrendingRepoViewController.xib in Resources */ = {isa = PBXBuildFile; fileRef = AF02819A2A124410000C7BFA /* TrendingRepoViewController.xib */; };
		AF0281A92A126EE3000C7BFA /* CoordinatorTests.swift in Sources */ = {isa = PBXBuildFile; fileRef = AF0281A82A126EE3000C7BFA /* CoordinatorTests.swift */; };
		AF0281AC2A127951000C7BFA /* RequestProtocol.swift in Sources */ = {isa = PBXBuildFile; fileRef = AF0281AB2A127951000C7BFA /* RequestProtocol.swift */; };
		AF0281AF2A1288CE000C7BFA /* RequestTests.swift in Sources */ = {isa = PBXBuildFile; fileRef = AF0281AE2A1288CE000C7BFA /* RequestTests.swift */; };
		AF0281B32A128930000C7BFA /* RequestStub.swift in Sources */ = {isa = PBXBuildFile; fileRef = AF0281B22A128930000C7BFA /* RequestStub.swift */; };
		AF34445A2A13901400FF8F31 /* APIConstants.swift in Sources */ = {isa = PBXBuildFile; fileRef = AF3444592A13901400FF8F31 /* APIConstants.swift */; };
		AF3444612A13A75600FF8F31 /* GithubRequest.swift in Sources */ = {isa = PBXBuildFile; fileRef = AF3444602A13A75600FF8F31 /* GithubRequest.swift */; };
		AF3444642A13A92400FF8F31 /* TrendingRepo.swift in Sources */ = {isa = PBXBuildFile; fileRef = AF3444632A13A92400FF8F31 /* TrendingRepo.swift */; };
		AF3444662A13A9B900FF8F31 /* Owner.swift in Sources */ = {isa = PBXBuildFile; fileRef = AF3444652A13A9B900FF8F31 /* Owner.swift */; };
		AF34446A2A13B06E00FF8F31 /* TrendingRepoViewModel.swift in Sources */ = {isa = PBXBuildFile; fileRef = AF3444692A13B06E00FF8F31 /* TrendingRepoViewModel.swift */; };
		AF34446C2A13B42900FF8F31 /* TrendingRepos.swift in Sources */ = {isa = PBXBuildFile; fileRef = AF34446B2A13B42900FF8F31 /* TrendingRepos.swift */; };
		AF34446E2A13C3FE00FF8F31 /* APIServiceProtocol.swift in Sources */ = {isa = PBXBuildFile; fileRef = AF34446D2A13C3FE00FF8F31 /* APIServiceProtocol.swift */; };
		AF3444702A13D88700FF8F31 /* APIService.swift in Sources */ = {isa = PBXBuildFile; fileRef = AF34446F2A13D88700FF8F31 /* APIService.swift */; };
		AF3444722A13D8B800FF8F31 /* URLSessionProtocol.swift in Sources */ = {isa = PBXBuildFile; fileRef = AF3444712A13D8B800FF8F31 /* URLSessionProtocol.swift */; };
		AF3444742A1418AB00FF8F31 /* GithubRequestTests.swift in Sources */ = {isa = PBXBuildFile; fileRef = AF3444732A1418AB00FF8F31 /* GithubRequestTests.swift */; };
		AF3444782A145B3900FF8F31 /* OwnerStub.swift in Sources */ = {isa = PBXBuildFile; fileRef = AF3444772A145B3900FF8F31 /* OwnerStub.swift */; };
		AF34447A2A145B9B00FF8F31 /* TrendingRepoStub.swift in Sources */ = {isa = PBXBuildFile; fileRef = AF3444792A145B9B00FF8F31 /* TrendingRepoStub.swift */; };
		AF34447C2A145C1300FF8F31 /* TrendingReposStub.swift in Sources */ = {isa = PBXBuildFile; fileRef = AF34447B2A145C1300FF8F31 /* TrendingReposStub.swift */; };
		AF34447E2A145D1500FF8F31 /* OwnerTests.swift in Sources */ = {isa = PBXBuildFile; fileRef = AF34447D2A145D1500FF8F31 /* OwnerTests.swift */; };
		AF3444802A145E3600FF8F31 /* TrendingRepoTests.swift in Sources */ = {isa = PBXBuildFile; fileRef = AF34447F2A145E3600FF8F31 /* TrendingRepoTests.swift */; };
		AF3444822A14609F00FF8F31 /* TrendingReposTests.swift in Sources */ = {isa = PBXBuildFile; fileRef = AF3444812A14609F00FF8F31 /* TrendingReposTests.swift */; };
		AFD1797C2A1313BA00D83548 /* NetworkError.swift in Sources */ = {isa = PBXBuildFile; fileRef = AFD1797B2A1313BA00D83548 /* NetworkError.swift */; };
		AFD1797F2A13184100D83548 /* APIManager.swift in Sources */ = {isa = PBXBuildFile; fileRef = AFD1797E2A13184100D83548 /* APIManager.swift */; };
/* End PBXBuildFile section */

/* Begin PBXContainerItemProxy section */
		AF02817A2A123B81000C7BFA /* PBXContainerItemProxy */ = {
			isa = PBXContainerItemProxy;
			containerPortal = AF02815B2A123B7E000C7BFA /* Project object */;
			proxyType = 1;
			remoteGlobalIDString = AF0281622A123B7E000C7BFA;
			remoteInfo = RT;
		};
/* End PBXContainerItemProxy section */

/* Begin PBXFileReference section */
		AF0281632A123B7E000C7BFA /* RT.app */ = {isa = PBXFileReference; explicitFileType = wrapper.application; includeInIndex = 0; path = RT.app; sourceTree = BUILT_PRODUCTS_DIR; };
		AF0281662A123B7E000C7BFA /* AppDelegate.swift */ = {isa = PBXFileReference; lastKnownFileType = sourcecode.swift; path = AppDelegate.swift; sourceTree = "<group>"; };
		AF0281682A123B7E000C7BFA /* SceneDelegate.swift */ = {isa = PBXFileReference; lastKnownFileType = sourcecode.swift; path = SceneDelegate.swift; sourceTree = "<group>"; };
		AF02816A2A123B7E000C7BFA /* TrendingRepoViewController.swift */ = {isa = PBXFileReference; lastKnownFileType = sourcecode.swift; path = TrendingRepoViewController.swift; sourceTree = "<group>"; };
		AF02816F2A123B80000C7BFA /* Assets.xcassets */ = {isa = PBXFileReference; lastKnownFileType = folder.assetcatalog; path = Assets.xcassets; sourceTree = "<group>"; };
		AF0281722A123B80000C7BFA /* Base */ = {isa = PBXFileReference; lastKnownFileType = file.storyboard; name = Base; path = Base.lproj/LaunchScreen.storyboard; sourceTree = "<group>"; };
		AF0281742A123B80000C7BFA /* Info.plist */ = {isa = PBXFileReference; lastKnownFileType = text.plist.xml; path = Info.plist; sourceTree = "<group>"; };
		AF0281792A123B81000C7BFA /* RTTests.xctest */ = {isa = PBXFileReference; explicitFileType = wrapper.cfbundle; includeInIndex = 0; path = RTTests.xctest; sourceTree = BUILT_PRODUCTS_DIR; };
		AF0281982A1240DC000C7BFA /* Coordinator.swift */ = {isa = PBXFileReference; lastKnownFileType = sourcecode.swift; path = Coordinator.swift; sourceTree = "<group>"; };
		AF02819A2A124410000C7BFA /* TrendingRepoViewController.xib */ = {isa = PBXFileReference; lastKnownFileType = file.xib; path = TrendingRepoViewController.xib; sourceTree = "<group>"; };
		AF0281A82A126EE3000C7BFA /* CoordinatorTests.swift */ = {isa = PBXFileReference; lastKnownFileType = sourcecode.swift; path = CoordinatorTests.swift; sourceTree = "<group>"; };
		AF0281AB2A127951000C7BFA /* RequestProtocol.swift */ = {isa = PBXFileReference; lastKnownFileType = sourcecode.swift; path = RequestProtocol.swift; sourceTree = "<group>"; };
		AF0281AE2A1288CE000C7BFA /* RequestTests.swift */ = {isa = PBXFileReference; lastKnownFileType = sourcecode.swift; path = RequestTests.swift; sourceTree = "<group>"; };
		AF0281B22A128930000C7BFA /* RequestStub.swift */ = {isa = PBXFileReference; lastKnownFileType = sourcecode.swift; path = RequestStub.swift; sourceTree = "<group>"; };
		AF3444592A13901400FF8F31 /* APIConstants.swift */ = {isa = PBXFileReference; lastKnownFileType = sourcecode.swift; path = APIConstants.swift; sourceTree = "<group>"; };
		AF3444602A13A75600FF8F31 /* GithubRequest.swift */ = {isa = PBXFileReference; lastKnownFileType = sourcecode.swift; path = GithubRequest.swift; sourceTree = "<group>"; };
		AF3444632A13A92400FF8F31 /* TrendingRepo.swift */ = {isa = PBXFileReference; lastKnownFileType = sourcecode.swift; path = TrendingRepo.swift; sourceTree = "<group>"; };
		AF3444652A13A9B900FF8F31 /* Owner.swift */ = {isa = PBXFileReference; lastKnownFileType = sourcecode.swift; path = Owner.swift; sourceTree = "<group>"; };
		AF3444692A13B06E00FF8F31 /* TrendingRepoViewModel.swift */ = {isa = PBXFileReference; lastKnownFileType = sourcecode.swift; path = TrendingRepoViewModel.swift; sourceTree = "<group>"; };
		AF34446B2A13B42900FF8F31 /* TrendingRepos.swift */ = {isa = PBXFileReference; fileEncoding = 4; lastKnownFileType = sourcecode.swift; path = TrendingRepos.swift; sourceTree = "<group>"; };
		AF34446D2A13C3FE00FF8F31 /* APIServiceProtocol.swift */ = {isa = PBXFileReference; lastKnownFileType = sourcecode.swift; path = APIServiceProtocol.swift; sourceTree = "<group>"; };
		AF34446F2A13D88700FF8F31 /* APIService.swift */ = {isa = PBXFileReference; lastKnownFileType = sourcecode.swift; path = APIService.swift; sourceTree = "<group>"; };
		AF3444712A13D8B800FF8F31 /* URLSessionProtocol.swift */ = {isa = PBXFileReference; lastKnownFileType = sourcecode.swift; path = URLSessionProtocol.swift; sourceTree = "<group>"; };
		AF3444732A1418AB00FF8F31 /* GithubRequestTests.swift */ = {isa = PBXFileReference; lastKnownFileType = sourcecode.swift; path = GithubRequestTests.swift; sourceTree = "<group>"; };
		AF3444772A145B3900FF8F31 /* OwnerStub.swift */ = {isa = PBXFileReference; lastKnownFileType = sourcecode.swift; path = OwnerStub.swift; sourceTree = "<group>"; };
		AF3444792A145B9B00FF8F31 /* TrendingRepoStub.swift */ = {isa = PBXFileReference; lastKnownFileType = sourcecode.swift; path = TrendingRepoStub.swift; sourceTree = "<group>"; };
		AF34447B2A145C1300FF8F31 /* TrendingReposStub.swift */ = {isa = PBXFileReference; lastKnownFileType = sourcecode.swift; path = TrendingReposStub.swift; sourceTree = "<group>"; };
		AF34447D2A145D1500FF8F31 /* OwnerTests.swift */ = {isa = PBXFileReference; lastKnownFileType = sourcecode.swift; path = OwnerTests.swift; sourceTree = "<group>"; };
		AF34447F2A145E3600FF8F31 /* TrendingRepoTests.swift */ = {isa = PBXFileReference; lastKnownFileType = sourcecode.swift; path = TrendingRepoTests.swift; sourceTree = "<group>"; };
		AF3444812A14609F00FF8F31 /* TrendingReposTests.swift */ = {isa = PBXFileReference; lastKnownFileType = sourcecode.swift; path = TrendingReposTests.swift; sourceTree = "<group>"; };
		AFD1797A2A129FAB00D83548 /* RT.xctestplan */ = {isa = PBXFileReference; lastKnownFileType = text; path = RT.xctestplan; sourceTree = "<group>"; };
		AFD1797B2A1313BA00D83548 /* NetworkError.swift */ = {isa = PBXFileReference; lastKnownFileType = sourcecode.swift; path = NetworkError.swift; sourceTree = "<group>"; };
		AFD1797E2A13184100D83548 /* APIManager.swift */ = {isa = PBXFileReference; lastKnownFileType = sourcecode.swift; path = APIManager.swift; sourceTree = "<group>"; };
/* End PBXFileReference section */

/* Begin PBXFrameworksBuildPhase section */
		AF0281602A123B7E000C7BFA /* Frameworks */ = {
			isa = PBXFrameworksBuildPhase;
			buildActionMask = 2147483647;
			files = (
			);
			runOnlyForDeploymentPostprocessing = 0;
		};
		AF0281762A123B81000C7BFA /* Frameworks */ = {
			isa = PBXFrameworksBuildPhase;
			buildActionMask = 2147483647;
			files = (
			);
			runOnlyForDeploymentPostprocessing = 0;
		};
/* End PBXFrameworksBuildPhase section */

/* Begin PBXGroup section */
		AF02815A2A123B7E000C7BFA = {
			isa = PBXGroup;
			children = (
				AFD1797A2A129FAB00D83548 /* RT.xctestplan */,
				AF0281652A123B7E000C7BFA /* RT */,
				AF02817C2A123B81000C7BFA /* RTTests */,
				AF0281642A123B7E000C7BFA /* Products */,
			);
			sourceTree = "<group>";
		};
		AF0281642A123B7E000C7BFA /* Products */ = {
			isa = PBXGroup;
			children = (
				AF0281632A123B7E000C7BFA /* RT.app */,
				AF0281792A123B81000C7BFA /* RTTests.xctest */,
			);
			name = Products;
			sourceTree = "<group>";
		};
		AF0281652A123B7E000C7BFA /* RT */ = {
			isa = PBXGroup;
			children = (
				AF0281962A123F27000C7BFA /* App Delegate */,
				AF0281972A123F38000C7BFA /* App Coordinator */,
				AF0281AA2A127909000C7BFA /* Network Layer */,
				AF3444622A13A8F800FF8F31 /* Model */,
				AF02819C2A124B13000C7BFA /* Scenes */,
				AF02819D2A124B31000C7BFA /* Resources */,
				AF0281742A123B80000C7BFA /* Info.plist */,
			);
			path = RT;
			sourceTree = "<group>";
		};
		AF02817C2A123B81000C7BFA /* RTTests */ = {
			isa = PBXGroup;
			children = (
				AF0281B42A129958000C7BFA /* Stub */,
				AF0281A82A126EE3000C7BFA /* CoordinatorTests.swift */,
				AF0281AE2A1288CE000C7BFA /* RequestTests.swift */,
				AF3444732A1418AB00FF8F31 /* GithubRequestTests.swift */,
				AF34447F2A145E3600FF8F31 /* TrendingRepoTests.swift */,
				AF34447D2A145D1500FF8F31 /* OwnerTests.swift */,
				AF3444812A14609F00FF8F31 /* TrendingReposTests.swift */,
			);
			path = RTTests;
			sourceTree = "<group>";
		};
		AF0281962A123F27000C7BFA /* App Delegate */ = {
			isa = PBXGroup;
			children = (
				AF0281662A123B7E000C7BFA /* AppDelegate.swift */,
				AF0281682A123B7E000C7BFA /* SceneDelegate.swift */,
			);
			path = "App Delegate";
			sourceTree = "<group>";
		};
		AF0281972A123F38000C7BFA /* App Coordinator */ = {
			isa = PBXGroup;
			children = (
				AF0281982A1240DC000C7BFA /* Coordinator.swift */,
			);
			path = "App Coordinator";
			sourceTree = "<group>";
		};
		AF02819C2A124B13000C7BFA /* Scenes */ = {
			isa = PBXGroup;
			children = (
				AF02819E2A1260F1000C7BFA /* TrendingRepo */,
			);
			path = Scenes;
			sourceTree = "<group>";
		};
		AF02819D2A124B31000C7BFA /* Resources */ = {
			isa = PBXGroup;
			children = (
				AF02816F2A123B80000C7BFA /* Assets.xcassets */,
				AF0281712A123B80000C7BFA /* LaunchScreen.storyboard */,
			);
			path = Resources;
			sourceTree = "<group>";
		};
		AF02819E2A1260F1000C7BFA /* TrendingRepo */ = {
			isa = PBXGroup;
			children = (
				AF02816A2A123B7E000C7BFA /* TrendingRepoViewController.swift */,
				AF02819A2A124410000C7BFA /* TrendingRepoViewController.xib */,
				AF3444692A13B06E00FF8F31 /* TrendingRepoViewModel.swift */,
			);
			path = TrendingRepo;
			sourceTree = "<group>";
		};
		AF0281AA2A127909000C7BFA /* Network Layer */ = {
			isa = PBXGroup;
			children = (
				AF3444592A13901400FF8F31 /* APIConstants.swift */,
				AFD1797B2A1313BA00D83548 /* NetworkError.swift */,
				AF0281AB2A127951000C7BFA /* RequestProtocol.swift */,
				AF3444712A13D8B800FF8F31 /* URLSessionProtocol.swift */,
				AFD1797E2A13184100D83548 /* APIManager.swift */,
				AF34446D2A13C3FE00FF8F31 /* APIServiceProtocol.swift */,
				AF34446F2A13D88700FF8F31 /* APIService.swift */,
				AF34445F2A13A74400FF8F31 /* Requests */,
			);
			path = "Network Layer";
			sourceTree = "<group>";
		};
		AF0281B42A129958000C7BFA /* Stub */ = {
			isa = PBXGroup;
			children = (
				AF0281B22A128930000C7BFA /* RequestStub.swift */,
				AF3444792A145B9B00FF8F31 /* TrendingRepoStub.swift */,
				AF3444772A145B3900FF8F31 /* OwnerStub.swift */,
				AF34447B2A145C1300FF8F31 /* TrendingReposStub.swift */,
			);
			path = Stub;
			sourceTree = "<group>";
		};
		AF34445F2A13A74400FF8F31 /* Requests */ = {
			isa = PBXGroup;
			children = (
				AF3444602A13A75600FF8F31 /* GithubRequest.swift */,
			);
			path = Requests;
			sourceTree = "<group>";
		};
		AF3444622A13A8F800FF8F31 /* Model */ = {
			isa = PBXGroup;
			children = (
				AF3444632A13A92400FF8F31 /* TrendingRepo.swift */,
				AF3444652A13A9B900FF8F31 /* Owner.swift */,
				AF34446B2A13B42900FF8F31 /* TrendingRepos.swift */,
			);
			path = Model;
			sourceTree = "<group>";
		};
/* End PBXGroup section */

/* Begin PBXNativeTarget section */
		AF0281622A123B7E000C7BFA /* RT */ = {
			isa = PBXNativeTarget;
			buildConfigurationList = AF02818D2A123B81000C7BFA /* Build configuration list for PBXNativeTarget "RT" */;
			buildPhases = (
				AF02815F2A123B7E000C7BFA /* Sources */,
				AF0281602A123B7E000C7BFA /* Frameworks */,
				AF0281612A123B7E000C7BFA /* Resources */,
				AF0281A02A1267CD000C7BFA /* SwiftLint */,
			);
			buildRules = (
			);
			dependencies = (
			);
			name = RT;
			productName = RT;
			productReference = AF0281632A123B7E000C7BFA /* RT.app */;
			productType = "com.apple.product-type.application";
		};
		AF0281782A123B81000C7BFA /* RTTests */ = {
			isa = PBXNativeTarget;
			buildConfigurationList = AF0281902A123B81000C7BFA /* Build configuration list for PBXNativeTarget "RTTests" */;
			buildPhases = (
				AF0281752A123B81000C7BFA /* Sources */,
				AF0281762A123B81000C7BFA /* Frameworks */,
				AF0281772A123B81000C7BFA /* Resources */,
			);
			buildRules = (
			);
			dependencies = (
				AF02817B2A123B81000C7BFA /* PBXTargetDependency */,
			);
			name = RTTests;
			productName = RTTests;
			productReference = AF0281792A123B81000C7BFA /* RTTests.xctest */;
			productType = "com.apple.product-type.bundle.unit-test";
		};
/* End PBXNativeTarget section */

/* Begin PBXProject section */
		AF02815B2A123B7E000C7BFA /* Project object */ = {
			isa = PBXProject;
			attributes = {
				BuildIndependentTargetsInParallel = 1;
				LastSwiftUpdateCheck = 1430;
				LastUpgradeCheck = 1430;
				TargetAttributes = {
					AF0281622A123B7E000C7BFA = {
						CreatedOnToolsVersion = 14.3;
					};
					AF0281782A123B81000C7BFA = {
						CreatedOnToolsVersion = 14.3;
						TestTargetID = AF0281622A123B7E000C7BFA;
					};
				};
			};
			buildConfigurationList = AF02815E2A123B7E000C7BFA /* Build configuration list for PBXProject "RT" */;
			compatibilityVersion = "Xcode 14.0";
			developmentRegion = en;
			hasScannedForEncodings = 0;
			knownRegions = (
				en,
				Base,
			);
			mainGroup = AF02815A2A123B7E000C7BFA;
			productRefGroup = AF0281642A123B7E000C7BFA /* Products */;
			projectDirPath = "";
			projectRoot = "";
			targets = (
				AF0281622A123B7E000C7BFA /* RT */,
				AF0281782A123B81000C7BFA /* RTTests */,
			);
		};
/* End PBXProject section */

/* Begin PBXResourcesBuildPhase section */
		AF0281612A123B7E000C7BFA /* Resources */ = {
			isa = PBXResourcesBuildPhase;
			buildActionMask = 2147483647;
			files = (
				AF0281732A123B80000C7BFA /* LaunchScreen.storyboard in Resources */,
				AF0281702A123B80000C7BFA /* Assets.xcassets in Resources */,
				AF02819B2A124410000C7BFA /* TrendingRepoViewController.xib in Resources */,
			);
			runOnlyForDeploymentPostprocessing = 0;
		};
		AF0281772A123B81000C7BFA /* Resources */ = {
			isa = PBXResourcesBuildPhase;
			buildActionMask = 2147483647;
			files = (
			);
			runOnlyForDeploymentPostprocessing = 0;
		};
/* End PBXResourcesBuildPhase section */

/* Begin PBXShellScriptBuildPhase section */
		AF0281A02A1267CD000C7BFA /* SwiftLint */ = {
			isa = PBXShellScriptBuildPhase;
			alwaysOutOfDate = 1;
			buildActionMask = 2147483647;
			files = (
			);
			inputFileListPaths = (
			);
			inputPaths = (
			);
			name = SwiftLint;
			outputFileListPaths = (
			);
			outputPaths = (
			);
			runOnlyForDeploymentPostprocessing = 0;
			shellPath = /bin/sh;
			shellScript = "if [[ \"$(uname -m)\" == arm64 ]]; then\n    export PATH=\"/opt/homebrew/bin:$PATH\"\nfi\n\nif which swiftlint > /dev/null; then\n  swiftlint\nelse\n  echo \"warning: SwiftLint not installed, download from https://github.com/realm/SwiftLint\"\nfi\n";
		};
/* End PBXShellScriptBuildPhase section */

/* Begin PBXSourcesBuildPhase section */
		AF02815F2A123B7E000C7BFA /* Sources */ = {
			isa = PBXSourcesBuildPhase;
			buildActionMask = 2147483647;
			files = (
				AF0281992A1240DC000C7BFA /* Coordinator.swift in Sources */,
				AF3444702A13D88700FF8F31 /* APIService.swift in Sources */,
				AF3444662A13A9B900FF8F31 /* Owner.swift in Sources */,
				AFD1797F2A13184100D83548 /* APIManager.swift in Sources */,
				AF02816B2A123B7E000C7BFA /* TrendingRepoViewController.swift in Sources */,
				AF0281AC2A127951000C7BFA /* RequestProtocol.swift in Sources */,
				AF34445A2A13901400FF8F31 /* APIConstants.swift in Sources */,
				AF34446C2A13B42900FF8F31 /* TrendingRepos.swift in Sources */,
				AF3444612A13A75600FF8F31 /* GithubRequest.swift in Sources */,
				AF34446E2A13C3FE00FF8F31 /* APIServiceProtocol.swift in Sources */,
				AFD1797C2A1313BA00D83548 /* NetworkError.swift in Sources */,
				AF3444642A13A92400FF8F31 /* TrendingRepo.swift in Sources */,
				AF3444722A13D8B800FF8F31 /* URLSessionProtocol.swift in Sources */,
				AF0281672A123B7E000C7BFA /* AppDelegate.swift in Sources */,
				AF34446A2A13B06E00FF8F31 /* TrendingRepoViewModel.swift in Sources */,
				AF0281692A123B7E000C7BFA /* SceneDelegate.swift in Sources */,
			);
			runOnlyForDeploymentPostprocessing = 0;
		};
		AF0281752A123B81000C7BFA /* Sources */ = {
			isa = PBXSourcesBuildPhase;
			buildActionMask = 2147483647;
			files = (
				AF3444822A14609F00FF8F31 /* TrendingReposTests.swift in Sources */,
				AF0281A92A126EE3000C7BFA /* CoordinatorTests.swift in Sources */,
				AF34447E2A145D1500FF8F31 /* OwnerTests.swift in Sources */,
				AF3444782A145B3900FF8F31 /* OwnerStub.swift in Sources */,
				AF0281B32A128930000C7BFA /* RequestStub.swift in Sources */,
				AF3444742A1418AB00FF8F31 /* GithubRequestTests.swift in Sources */,
				AF3444802A145E3600FF8F31 /* TrendingRepoTests.swift in Sources */,
				AF34447A2A145B9B00FF8F31 /* TrendingRepoStub.swift in Sources */,
				AF34447C2A145C1300FF8F31 /* TrendingReposStub.swift in Sources */,
				AF0281AF2A1288CE000C7BFA /* RequestTests.swift in Sources */,
			);
			runOnlyForDeploymentPostprocessing = 0;
		};
/* End PBXSourcesBuildPhase section */

/* Begin PBXTargetDependency section */
		AF02817B2A123B81000C7BFA /* PBXTargetDependency */ = {
			isa = PBXTargetDependency;
			target = AF0281622A123B7E000C7BFA /* RT */;
			targetProxy = AF02817A2A123B81000C7BFA /* PBXContainerItemProxy */;
		};
/* End PBXTargetDependency section */

/* Begin PBXVariantGroup section */
		AF0281712A123B80000C7BFA /* LaunchScreen.storyboard */ = {
			isa = PBXVariantGroup;
			children = (
				AF0281722A123B80000C7BFA /* Base */,
			);
			name = LaunchScreen.storyboard;
			sourceTree = "<group>";
		};
/* End PBXVariantGroup section */

/* Begin XCBuildConfiguration section */
		AF02818B2A123B81000C7BFA /* Debug */ = {
			isa = XCBuildConfiguration;
			buildSettings = {
				ALWAYS_SEARCH_USER_PATHS = NO;
				CLANG_ANALYZER_NONNULL = YES;
				CLANG_ANALYZER_NUMBER_OBJECT_CONVERSION = YES_AGGRESSIVE;
				CLANG_CXX_LANGUAGE_STANDARD = "gnu++20";
				CLANG_ENABLE_MODULES = YES;
				CLANG_ENABLE_OBJC_ARC = YES;
				CLANG_ENABLE_OBJC_WEAK = YES;
				CLANG_WARN_BLOCK_CAPTURE_AUTORELEASING = YES;
				CLANG_WARN_BOOL_CONVERSION = YES;
				CLANG_WARN_COMMA = YES;
				CLANG_WARN_CONSTANT_CONVERSION = YES;
				CLANG_WARN_DEPRECATED_OBJC_IMPLEMENTATIONS = YES;
				CLANG_WARN_DIRECT_OBJC_ISA_USAGE = YES_ERROR;
				CLANG_WARN_DOCUMENTATION_COMMENTS = YES;
				CLANG_WARN_EMPTY_BODY = YES;
				CLANG_WARN_ENUM_CONVERSION = YES;
				CLANG_WARN_INFINITE_RECURSION = YES;
				CLANG_WARN_INT_CONVERSION = YES;
				CLANG_WARN_NON_LITERAL_NULL_CONVERSION = YES;
				CLANG_WARN_OBJC_IMPLICIT_RETAIN_SELF = YES;
				CLANG_WARN_OBJC_LITERAL_CONVERSION = YES;
				CLANG_WARN_OBJC_ROOT_CLASS = YES_ERROR;
				CLANG_WARN_QUOTED_INCLUDE_IN_FRAMEWORK_HEADER = YES;
				CLANG_WARN_RANGE_LOOP_ANALYSIS = YES;
				CLANG_WARN_STRICT_PROTOTYPES = YES;
				CLANG_WARN_SUSPICIOUS_MOVE = YES;
				CLANG_WARN_UNGUARDED_AVAILABILITY = YES_AGGRESSIVE;
				CLANG_WARN_UNREACHABLE_CODE = YES;
				CLANG_WARN__DUPLICATE_METHOD_MATCH = YES;
				COPY_PHASE_STRIP = NO;
				DEBUG_INFORMATION_FORMAT = dwarf;
				ENABLE_STRICT_OBJC_MSGSEND = YES;
				ENABLE_TESTABILITY = YES;
				GCC_C_LANGUAGE_STANDARD = gnu11;
				GCC_DYNAMIC_NO_PIC = NO;
				GCC_NO_COMMON_BLOCKS = YES;
				GCC_OPTIMIZATION_LEVEL = 0;
				GCC_PREPROCESSOR_DEFINITIONS = (
					"DEBUG=1",
					"$(inherited)",
				);
				GCC_WARN_64_TO_32_BIT_CONVERSION = YES;
				GCC_WARN_ABOUT_RETURN_TYPE = YES_ERROR;
				GCC_WARN_UNDECLARED_SELECTOR = YES;
				GCC_WARN_UNINITIALIZED_AUTOS = YES_AGGRESSIVE;
				GCC_WARN_UNUSED_FUNCTION = YES;
				GCC_WARN_UNUSED_VARIABLE = YES;
				IPHONEOS_DEPLOYMENT_TARGET = 16.4;
				MTL_ENABLE_DEBUG_INFO = INCLUDE_SOURCE;
				MTL_FAST_MATH = YES;
				ONLY_ACTIVE_ARCH = YES;
				SDKROOT = iphoneos;
				SWIFT_ACTIVE_COMPILATION_CONDITIONS = DEBUG;
				SWIFT_OPTIMIZATION_LEVEL = "-Onone";
			};
			name = Debug;
		};
		AF02818C2A123B81000C7BFA /* Release */ = {
			isa = XCBuildConfiguration;
			buildSettings = {
				ALWAYS_SEARCH_USER_PATHS = NO;
				CLANG_ANALYZER_NONNULL = YES;
				CLANG_ANALYZER_NUMBER_OBJECT_CONVERSION = YES_AGGRESSIVE;
				CLANG_CXX_LANGUAGE_STANDARD = "gnu++20";
				CLANG_ENABLE_MODULES = YES;
				CLANG_ENABLE_OBJC_ARC = YES;
				CLANG_ENABLE_OBJC_WEAK = YES;
				CLANG_WARN_BLOCK_CAPTURE_AUTORELEASING = YES;
				CLANG_WARN_BOOL_CONVERSION = YES;
				CLANG_WARN_COMMA = YES;
				CLANG_WARN_CONSTANT_CONVERSION = YES;
				CLANG_WARN_DEPRECATED_OBJC_IMPLEMENTATIONS = YES;
				CLANG_WARN_DIRECT_OBJC_ISA_USAGE = YES_ERROR;
				CLANG_WARN_DOCUMENTATION_COMMENTS = YES;
				CLANG_WARN_EMPTY_BODY = YES;
				CLANG_WARN_ENUM_CONVERSION = YES;
				CLANG_WARN_INFINITE_RECURSION = YES;
				CLANG_WARN_INT_CONVERSION = YES;
				CLANG_WARN_NON_LITERAL_NULL_CONVERSION = YES;
				CLANG_WARN_OBJC_IMPLICIT_RETAIN_SELF = YES;
				CLANG_WARN_OBJC_LITERAL_CONVERSION = YES;
				CLANG_WARN_OBJC_ROOT_CLASS = YES_ERROR;
				CLANG_WARN_QUOTED_INCLUDE_IN_FRAMEWORK_HEADER = YES;
				CLANG_WARN_RANGE_LOOP_ANALYSIS = YES;
				CLANG_WARN_STRICT_PROTOTYPES = YES;
				CLANG_WARN_SUSPICIOUS_MOVE = YES;
				CLANG_WARN_UNGUARDED_AVAILABILITY = YES_AGGRESSIVE;
				CLANG_WARN_UNREACHABLE_CODE = YES;
				CLANG_WARN__DUPLICATE_METHOD_MATCH = YES;
				COPY_PHASE_STRIP = NO;
				DEBUG_INFORMATION_FORMAT = "dwarf-with-dsym";
				ENABLE_NS_ASSERTIONS = NO;
				ENABLE_STRICT_OBJC_MSGSEND = YES;
				GCC_C_LANGUAGE_STANDARD = gnu11;
				GCC_NO_COMMON_BLOCKS = YES;
				GCC_WARN_64_TO_32_BIT_CONVERSION = YES;
				GCC_WARN_ABOUT_RETURN_TYPE = YES_ERROR;
				GCC_WARN_UNDECLARED_SELECTOR = YES;
				GCC_WARN_UNINITIALIZED_AUTOS = YES_AGGRESSIVE;
				GCC_WARN_UNUSED_FUNCTION = YES;
				GCC_WARN_UNUSED_VARIABLE = YES;
				IPHONEOS_DEPLOYMENT_TARGET = 16.4;
				MTL_ENABLE_DEBUG_INFO = NO;
				MTL_FAST_MATH = YES;
				SDKROOT = iphoneos;
				SWIFT_COMPILATION_MODE = wholemodule;
				SWIFT_OPTIMIZATION_LEVEL = "-O";
				VALIDATE_PRODUCT = YES;
			};
			name = Release;
		};
		AF02818E2A123B81000C7BFA /* Debug */ = {
			isa = XCBuildConfiguration;
			buildSettings = {
				ASSETCATALOG_COMPILER_APPICON_NAME = AppIcon;
				ASSETCATALOG_COMPILER_GLOBAL_ACCENT_COLOR_NAME = AccentColor;
				CODE_SIGN_STYLE = Automatic;
				CURRENT_PROJECT_VERSION = 1;
				DEVELOPMENT_TEAM = KM569NM77P;
				GENERATE_INFOPLIST_FILE = YES;
				INFOPLIST_FILE = RT/Info.plist;
				INFOPLIST_KEY_UIApplicationSupportsIndirectInputEvents = YES;
				INFOPLIST_KEY_UILaunchStoryboardName = LaunchScreen;
				INFOPLIST_KEY_UISupportedInterfaceOrientations_iPad = "UIInterfaceOrientationPortrait UIInterfaceOrientationPortraitUpsideDown UIInterfaceOrientationLandscapeLeft UIInterfaceOrientationLandscapeRight";
				INFOPLIST_KEY_UISupportedInterfaceOrientations_iPhone = "UIInterfaceOrientationPortrait UIInterfaceOrientationLandscapeLeft UIInterfaceOrientationLandscapeRight";
				IPHONEOS_DEPLOYMENT_TARGET = 13.0;
				LD_RUNPATH_SEARCH_PATHS = (
					"$(inherited)",
					"@executable_path/Frameworks",
				);
				MARKETING_VERSION = 1.0;
				PRODUCT_BUNDLE_IDENTIFIER = com.obada.RT;
				PRODUCT_NAME = "$(TARGET_NAME)";
				SWIFT_EMIT_LOC_STRINGS = YES;
				SWIFT_VERSION = 5.0;
				TARGETED_DEVICE_FAMILY = "1,2";
			};
			name = Debug;
		};
		AF02818F2A123B81000C7BFA /* Release */ = {
			isa = XCBuildConfiguration;
			buildSettings = {
				ASSETCATALOG_COMPILER_APPICON_NAME = AppIcon;
				ASSETCATALOG_COMPILER_GLOBAL_ACCENT_COLOR_NAME = AccentColor;
				CODE_SIGN_STYLE = Automatic;
				CURRENT_PROJECT_VERSION = 1;
				DEVELOPMENT_TEAM = KM569NM77P;
				GENERATE_INFOPLIST_FILE = YES;
				INFOPLIST_FILE = RT/Info.plist;
				INFOPLIST_KEY_UIApplicationSupportsIndirectInputEvents = YES;
				INFOPLIST_KEY_UILaunchStoryboardName = LaunchScreen;
				INFOPLIST_KEY_UISupportedInterfaceOrientations_iPad = "UIInterfaceOrientationPortrait UIInterfaceOrientationPortraitUpsideDown UIInterfaceOrientationLandscapeLeft UIInterfaceOrientationLandscapeRight";
				INFOPLIST_KEY_UISupportedInterfaceOrientations_iPhone = "UIInterfaceOrientationPortrait UIInterfaceOrientationLandscapeLeft UIInterfaceOrientationLandscapeRight";
				IPHONEOS_DEPLOYMENT_TARGET = 13.0;
				LD_RUNPATH_SEARCH_PATHS = (
					"$(inherited)",
					"@executable_path/Frameworks",
				);
				MARKETING_VERSION = 1.0;
				PRODUCT_BUNDLE_IDENTIFIER = com.obada.RT;
				PRODUCT_NAME = "$(TARGET_NAME)";
				SWIFT_EMIT_LOC_STRINGS = YES;
				SWIFT_VERSION = 5.0;
				TARGETED_DEVICE_FAMILY = "1,2";
			};
			name = Release;
		};
		AF0281912A123B81000C7BFA /* Debug */ = {
			isa = XCBuildConfiguration;
			buildSettings = {
				ALWAYS_EMBED_SWIFT_STANDARD_LIBRARIES = YES;
				BUNDLE_LOADER = "$(TEST_HOST)";
				CODE_SIGN_STYLE = Automatic;
				CURRENT_PROJECT_VERSION = 1;
				DEVELOPMENT_TEAM = KM569NM77P;
				GENERATE_INFOPLIST_FILE = YES;
				IPHONEOS_DEPLOYMENT_TARGET = 16.4;
				MARKETING_VERSION = 1.0;
				PRODUCT_BUNDLE_IDENTIFIER = com.obada.RTTests;
				PRODUCT_NAME = "$(TARGET_NAME)";
				SWIFT_EMIT_LOC_STRINGS = NO;
				SWIFT_VERSION = 5.0;
				TARGETED_DEVICE_FAMILY = "1,2";
				TEST_HOST = "$(BUILT_PRODUCTS_DIR)/RT.app/$(BUNDLE_EXECUTABLE_FOLDER_PATH)/RT";
			};
			name = Debug;
		};
		AF0281922A123B81000C7BFA /* Release */ = {
			isa = XCBuildConfiguration;
			buildSettings = {
				ALWAYS_EMBED_SWIFT_STANDARD_LIBRARIES = YES;
				BUNDLE_LOADER = "$(TEST_HOST)";
				CODE_SIGN_STYLE = Automatic;
				CURRENT_PROJECT_VERSION = 1;
				DEVELOPMENT_TEAM = KM569NM77P;
				GENERATE_INFOPLIST_FILE = YES;
				IPHONEOS_DEPLOYMENT_TARGET = 16.4;
				MARKETING_VERSION = 1.0;
				PRODUCT_BUNDLE_IDENTIFIER = com.obada.RTTests;
				PRODUCT_NAME = "$(TARGET_NAME)";
				SWIFT_EMIT_LOC_STRINGS = NO;
				SWIFT_VERSION = 5.0;
				TARGETED_DEVICE_FAMILY = "1,2";
				TEST_HOST = "$(BUILT_PRODUCTS_DIR)/RT.app/$(BUNDLE_EXECUTABLE_FOLDER_PATH)/RT";
			};
			name = Release;
		};
/* End XCBuildConfiguration section */

/* Begin XCConfigurationList section */
		AF02815E2A123B7E000C7BFA /* Build configuration list for PBXProject "RT" */ = {
			isa = XCConfigurationList;
			buildConfigurations = (
				AF02818B2A123B81000C7BFA /* Debug */,
				AF02818C2A123B81000C7BFA /* Release */,
			);
			defaultConfigurationIsVisible = 0;
			defaultConfigurationName = Release;
		};
		AF02818D2A123B81000C7BFA /* Build configuration list for PBXNativeTarget "RT" */ = {
			isa = XCConfigurationList;
			buildConfigurations = (
				AF02818E2A123B81000C7BFA /* Debug */,
				AF02818F2A123B81000C7BFA /* Release */,
			);
			defaultConfigurationIsVisible = 0;
			defaultConfigurationName = Release;
		};
		AF0281902A123B81000C7BFA /* Build configuration list for PBXNativeTarget "RTTests" */ = {
			isa = XCConfigurationList;
			buildConfigurations = (
				AF0281912A123B81000C7BFA /* Debug */,
				AF0281922A123B81000C7BFA /* Release */,
			);
			defaultConfigurationIsVisible = 0;
			defaultConfigurationName = Release;
		};
/* End XCConfigurationList section */
	};
	rootObject = AF02815B2A123B7E000C7BFA /* Project object */;
}
